<?xml version="1.0" encoding="utf-8"?>
<Project ToolsVersion="4.0" xmlns="http://schemas.microsoft.com/developer/msbuild/2003">
  <ItemGroup>
    <Filter Include="Source files">
      <UniqueIdentifier>{75016f9f-9235-4215-b62b-b5e7a1eed1f7}</UniqueIdentifier>
      <Extensions>cpp;c;cc;cxx;def;odl;idl;hpj;bat;asm;asmx</Extensions>
    </Filter>
    <Filter Include="Header files">
      <UniqueIdentifier>{9f6ced01-435c-441f-8da8-4bf2615e5711}</UniqueIdentifier>
      <Extensions>h;hpp;hxx;hm;inl;inc;xsd</Extensions>
    </Filter>
    <Filter Include="Resource files">
      <UniqueIdentifier>{9838e86c-824a-445f-a104-2dd91f5dbea3}</UniqueIdentifier>
      <Extensions>rc;ico;cur;bmp;dlg;rc2;rct;bin;rgs;gif;jpg;jpeg;jpe;resx;tiff;tif;png;wav</Extensions>
    </Filter>
    <Filter Include="Source files\Shared sources">
      <UniqueIdentifier>{125cbfb3-728f-48b3-8de7-c176fda192a7}</UniqueIdentifier>
    </Filter>
    <Filter Include="Source files\Device-specific files">
      <UniqueIdentifier>{489c880d-aa72-46b2-9c8e-0099cff3d154}</UniqueIdentifier>
    </Filter>
    <Filter Include="Header files\Device-specific files">
      <UniqueIdentifier>{363b400b-7750-43d9-b04b-ece7cbfebd14}</UniqueIdentifier>
    </Filter>
    <Filter Include="VisualGDB settings">
      <UniqueIdentifier>{c243dc68-62f9-498d-ab7d-db3f245d63c8}</UniqueIdentifier>
    </Filter>
  </ItemGroup>
  <ItemGroup>
    <ClCompile Include="main.c">
      <Filter>Source files</Filter>
    </ClCompile>
    <ClCompile Include="$(BSP_ROOT)\nRF5x\components\libraries\log\src\nrf_log_frontend.c">
      <Filter>Source files\Shared sources</Filter>
    </ClCompile>
    <ClCompile Include="$(BSP_ROOT)\nRF5x\components\libraries\log\src\nrf_log_str_formatter.c">
      <Filter>Source files\Shared sources</Filter>
    </ClCompile>
    <ClCompile Include="$(BSP_ROOT)\nRF5x\components\boards\boards.c">
      <Filter>Source files\Shared sources</Filter>
    </ClCompile>
    <ClCompile Include="$(BSP_ROOT)\nRF5x\components\libraries\util\app_error.c">
      <Filter>Source files\Shared sources</Filter>
    </ClCompile>
    <ClCompile Include="$(BSP_ROOT)\nRF5x\components\libraries\util\app_error_handler_gcc.c">
      <Filter>Source files\Shared sources</Filter>
    </ClCompile>
    <ClCompile Include="$(BSP_ROOT)\nRF5x\components\libraries\util\app_error_weak.c">
      <Filter>Source files\Shared sources</Filter>
    </ClCompile>
    <ClCompile Include="$(BSP_ROOT)\nRF5x\components\libraries\util\app_util_platform.c">
      <Filter>Source files\Shared sources</Filter>
    </ClCompile>
    <ClCompile Include="$(BSP_ROOT)\nRF5x\components\libraries\util\nrf_assert.c">
      <Filter>Source files\Shared sources</Filter>
    </ClCompile>
    <ClCompile Include="$(BSP_ROOT)\nRF5x\components\libraries\atomic\nrf_atomic.c">
      <Filter>Source files\Shared sources</Filter>
    </ClCompile>
    <ClCompile Include="$(BSP_ROOT)\nRF5x\components\libraries\balloc\nrf_balloc.c">
      <Filter>Source files\Shared sources</Filter>
    </ClCompile>
    <ClCompile Include="$(BSP_ROOT)\nRF5x\external\fprintf\nrf_fprintf.c">
      <Filter>Source files\Shared sources</Filter>
    </ClCompile>
    <ClCompile Include="$(BSP_ROOT)\nRF5x\external\fprintf\nrf_fprintf_format.c">
      <Filter>Source files\Shared sources</Filter>
    </ClCompile>
    <ClCompile Include="$(BSP_ROOT)\nRF5x\components\libraries\memobj\nrf_memobj.c">
      <Filter>Source files\Shared sources</Filter>
    </ClCompile>
    <ClCompile Include="$(BSP_ROOT)\nRF5x\components\libraries\ringbuf\nrf_ringbuf.c">
      <Filter>Source files\Shared sources</Filter>
    </ClCompile>
    <ClCompile Include="$(BSP_ROOT)\nRF5x\components\libraries\strerror\nrf_strerror.c">
      <Filter>Source files\Shared sources</Filter>
    </ClCompile>
    <ClCompile Include="$(BSP_ROOT)\nRF5x\modules\nrfx\soc\nrfx_atomic.c">
      <Filter>Source files\Shared sources</Filter>
    </ClCompile>
    <None Include="nrf5x.props">
      <Filter>Source files\Device-specific files</Filter>
    </None>
    <ClCompile Include="$(BSP_ROOT)\nRF5x\modules\nrfx\mdk\system_nrf52.c">
      <Filter>Source files\Device-specific files</Filter>
    </ClCompile>
    <ClCompile Include="$(BSP_ROOT)\nRF5x\modules\nrfx\mdk\gcc_startup_nrf52.S">
      <Filter>Source files\Device-specific files</Filter>
    </ClCompile>
    <ClInclude Include="$(BSP_ROOT)\nRF5x\modules\nrfx\mdk\system_nrf51.h">
      <Filter>Header files\Device-specific files</Filter>
    </ClInclude>
    <ClInclude Include="$(BSP_ROOT)\nRF5x\modules\nrfx\mdk\system_nrf52.h">
      <Filter>Header files\Device-specific files</Filter>
    </ClInclude>
    <ClInclude Include="$(BSP_ROOT)\nRF5x\modules\nrfx\mdk\system_nrf52810.h">
      <Filter>Header files\Device-specific files</Filter>
    </ClInclude>
    <ClInclude Include="$(BSP_ROOT)\nRF5x\modules\nrfx\mdk\system_nrf52811.h">
      <Filter>Header files\Device-specific files</Filter>
    </ClInclude>
    <ClInclude Include="$(BSP_ROOT)\nRF5x\modules\nrfx\mdk\system_nrf52840.h">
      <Filter>Header files\Device-specific files</Filter>
    </ClInclude>
    <ClInclude Include="$(BSP_ROOT)\nRF5x\modules\nrfx\mdk\system_nrf9160.h">
      <Filter>Header files\Device-specific files</Filter>
    </ClInclude>
    <ClInclude Include="$(BSP_ROOT)\nRF5x\components\toolchain\cmsis\include\arm_common_tables.h">
      <Filter>Header files\Device-specific files</Filter>
    </ClInclude>
    <ClInclude Include="$(BSP_ROOT)\nRF5x\components\toolchain\cmsis\include\arm_const_structs.h">
      <Filter>Header files\Device-specific files</Filter>
    </ClInclude>
    <ClInclude Include="$(BSP_ROOT)\nRF5x\components\toolchain\cmsis\include\arm_math.h">
      <Filter>Header files\Device-specific files</Filter>
    </ClInclude>
    <ClInclude Include="$(BSP_ROOT)\nRF5x\components\toolchain\cmsis\include\cmsis_armcc.h">
      <Filter>Header files\Device-specific files</Filter>
    </ClInclude>
    <ClInclude Include="$(BSP_ROOT)\nRF5x\components\toolchain\cmsis\include\cmsis_armcc_V6.h">
      <Filter>Header files\Device-specific files</Filter>
    </ClInclude>
    <ClInclude Include="$(BSP_ROOT)\nRF5x\components\toolchain\cmsis\include\cmsis_gcc.h">
      <Filter>Header files\Device-specific files</Filter>
    </ClInclude>
    <ClInclude Include="$(BSP_ROOT)\nRF5x\components\toolchain\cmsis\include\core_cm0.h">
      <Filter>Header files\Device-specific files</Filter>
    </ClInclude>
    <ClInclude Include="$(BSP_ROOT)\nRF5x\components\toolchain\cmsis\include\core_cm0plus.h">
      <Filter>Header files\Device-specific files</Filter>
    </ClInclude>
    <ClInclude Include="$(BSP_ROOT)\nRF5x\components\toolchain\cmsis\include\core_cm3.h">
      <Filter>Header files\Device-specific files</Filter>
    </ClInclude>
    <ClInclude Include="$(BSP_ROOT)\nRF5x\components\toolchain\cmsis\include\core_cm4.h">
      <Filter>Header files\Device-specific files</Filter>
    </ClInclude>
    <ClInclude Include="$(BSP_ROOT)\nRF5x\components\toolchain\cmsis\include\core_cm7.h">
      <Filter>Header files\Device-specific files</Filter>
    </ClInclude>
    <ClInclude Include="$(BSP_ROOT)\nRF5x\components\toolchain\cmsis\include\core_cmFunc.h">
      <Filter>Header files\Device-specific files</Filter>
    </ClInclude>
    <ClInclude Include="$(BSP_ROOT)\nRF5x\components\toolchain\cmsis\include\core_cmInstr.h">
      <Filter>Header files\Device-specific files</Filter>
    </ClInclude>
    <ClInclude Include="$(BSP_ROOT)\nRF5x\components\toolchain\cmsis\include\core_cmSimd.h">
      <Filter>Header files\Device-specific files</Filter>
    </ClInclude>
    <ClInclude Include="$(BSP_ROOT)\nRF5x\components\toolchain\cmsis\include\core_sc000.h">
      <Filter>Header files\Device-specific files</Filter>
    </ClInclude>
    <ClInclude Include="$(BSP_ROOT)\nRF5x\components\toolchain\cmsis\include\core_sc300.h">
      <Filter>Header files\Device-specific files</Filter>
    </ClInclude>
    <None Include="helloworld-Debug.vgdbsettings">
      <Filter>VisualGDB settings</Filter>
    </None>
    <None Include="helloworld-Release.vgdbsettings">
      <Filter>VisualGDB settings</Filter>
    </None>
    <None Include="nrf5x.xml">
      <Filter>VisualGDB settings</Filter>
    </None>
  </ItemGroup>
</Project>